
Microsoft Visual Studio Solution File, Format Version 12.00
# Visual Studio Version 16
VisualStudioVersion = 16.0.29920.165
MinimumVisualStudioVersion = 15.0.26124.0
Project("{D954291E-2A0B-460D-934E-DC6B0785DB48}") = "PlantUml.Builder.Shared", "src\PlantUml.Builder.Shared\PlantUml.Builder.Shared.shproj", "{6279C845-92F8-4333-AB99-3D213163593C}"
EndProject
Project("{9A19103F-16F7-4668-BE54-9A1E7A4F7556}") = "PlantUml.Builder.Wasm", "src\PlantUml.Builder.Wasm\PlantUml.Builder.Wasm.csproj", "{40EA03F7-8A22-4143-B251-79BAC3EB13D2}"
EndProject
Project("{9A19103F-16F7-4668-BE54-9A1E7A4F7556}") = "PlantUml.Builder.Skia.Gtk", "src\PlantUml.Builder.Skia.Gtk\PlantUml.Builder.Skia.Gtk.csproj", "{A5B8155A-118F-4794-B551-C6F3CF7E5411}"
EndProject
Project("{9A19103F-16F7-4668-BE54-9A1E7A4F7556}") = "PlantUml.Builder.Skia.WPF", "src\PlantUml.Builder.Skia.WPF\PlantUml.Builder.Skia.WPF.csproj", "{54664B24-34BE-4FC1-A3CB-C5F0523F8042}"
EndProject
Project("{9A19103F-16F7-4668-BE54-9A1E7A4F7556}") = "PlantUml.Builder.Skia.Wpf.Host", "src\PlantUml.Builder.Skia.WPF.Host\PlantUml.Builder.Skia.Wpf.Host.csproj", "{6CF284A4-22B1-4F05-97F4-F095C07A598E}"
EndProject
Project("{9A19103F-16F7-4668-BE54-9A1E7A4F7556}") = "PlantUml.Builder.Windows.Desktop", "src\PlantUml.Builder.Windows.Desktop\PlantUml.Builder.Windows.Desktop.csproj", "{1AA13270-F438-4864-9435-54FD806E10EA}"
EndProject
Project("{C7167F0D-BC9F-4E6E-AFE1-012C56B48DB5}") = "PlantUml.Builder.Windows.Package", "src\PlantUml.Builder.Windows.Package\PlantUml.Builder.Windows.Package.wapproj", "{D7B5051A-E31E-418D-B2C2-4F109224E150}"
EndProject
Project("{9A19103F-16F7-4668-BE54-9A1E7A4F7556}") = "_build", "build\_build.csproj", "{0745D623-9486-41B5-8CC4-76C8D26F291F}"
EndProject
Global
	GlobalSection(SharedMSBuildProjectFiles) = preSolution
		src\PlantUml.Builder.Shared\PlantUml.Builder.Shared.projitems*{1aa13270-f438-4864-9435-54fd806e10ea}*SharedItemsImports = 5
		src\PlantUml.Builder.Shared\PlantUml.Builder.Shared.projitems*{40ea03f7-8a22-4143-b251-79bac3eb13d2}*SharedItemsImports = 5
		src\PlantUml.Builder.Shared\PlantUml.Builder.Shared.projitems*{54664b24-34be-4fc1-a3cb-c5f0523f8042}*SharedItemsImports = 5
		src\PlantUml.Builder.Shared\PlantUml.Builder.Shared.projitems*{6279c845-92f8-4333-ab99-3d213163593c}*SharedItemsImports = 13
		src\PlantUml.Builder.Shared\PlantUml.Builder.Shared.projitems*{a5b8155a-118f-4794-b551-c6f3cf7e5411}*SharedItemsImports = 5
	EndGlobalSection
	GlobalSection(SolutionConfigurationPlatforms) = preSolution
		Debug|Any CPU = Debug|Any CPU
		Debug|ARM = Debug|ARM
		Debug|ARM64 = Debug|ARM64
		Debug|iPhone = Debug|iPhone
		Debug|iPhoneSimulator = Debug|iPhoneSimulator
		Debug|x64 = Debug|x64
		Debug|x86 = Debug|x86
		Nuke|Any CPU = Nuke|Any CPU
		Nuke|ARM = Nuke|ARM
		Nuke|ARM64 = Nuke|ARM64
		Nuke|iPhone = Nuke|iPhone
		Nuke|iPhoneSimulator = Nuke|iPhoneSimulator
		Nuke|x64 = Nuke|x64
		Nuke|x86 = Nuke|x86
		Release|Any CPU = Release|Any CPU
		Release|ARM = Release|ARM
		Release|ARM64 = Release|ARM64
		Release|iPhone = Release|iPhone
		Release|iPhoneSimulator = Release|iPhoneSimulator
		Release|x64 = Release|x64
		Release|x86 = Release|x86
	EndGlobalSection
	GlobalSection(ProjectConfigurationPlatforms) = postSolution
		{40EA03F7-8A22-4143-B251-79BAC3EB13D2}.Debug|Any CPU.ActiveCfg = Debug|Any CPU
		{40EA03F7-8A22-4143-B251-79BAC3EB13D2}.Debug|Any CPU.Build.0 = Debug|Any CPU
		{40EA03F7-8A22-4143-B251-79BAC3EB13D2}.Debug|ARM.ActiveCfg = Debug|Any CPU
		{40EA03F7-8A22-4143-B251-79BAC3EB13D2}.Debug|ARM.Build.0 = Debug|Any CPU
		{40EA03F7-8A22-4143-B251-79BAC3EB13D2}.Debug|ARM64.ActiveCfg = Debug|Any CPU
		{40EA03F7-8A22-4143-B251-79BAC3EB13D2}.Debug|ARM64.Build.0 = Debug|Any CPU
		{40EA03F7-8A22-4143-B251-79BAC3EB13D2}.Debug|iPhone.ActiveCfg = Debug|Any CPU
		{40EA03F7-8A22-4143-B251-79BAC3EB13D2}.Debug|iPhone.Build.0 = Debug|Any CPU
		{40EA03F7-8A22-4143-B251-79BAC3EB13D2}.Debug|iPhoneSimulator.ActiveCfg = Debug|Any CPU
		{40EA03F7-8A22-4143-B251-79BAC3EB13D2}.Debug|iPhoneSimulator.Build.0 = Debug|Any CPU
		{40EA03F7-8A22-4143-B251-79BAC3EB13D2}.Debug|x64.ActiveCfg = Debug|Any CPU
		{40EA03F7-8A22-4143-B251-79BAC3EB13D2}.Debug|x64.Build.0 = Debug|Any CPU
		{40EA03F7-8A22-4143-B251-79BAC3EB13D2}.Debug|x86.ActiveCfg = Debug|Any CPU
		{40EA03F7-8A22-4143-B251-79BAC3EB13D2}.Debug|x86.Build.0 = Debug|Any CPU
		{40EA03F7-8A22-4143-B251-79BAC3EB13D2}.Nuke|Any CPU.ActiveCfg = Release|Any CPU
		{40EA03F7-8A22-4143-B251-79BAC3EB13D2}.Nuke|Any CPU.Build.0 = Release|Any CPU
		{40EA03F7-8A22-4143-B251-79BAC3EB13D2}.Nuke|ARM.ActiveCfg = Release|Any CPU
		{40EA03F7-8A22-4143-B251-79BAC3EB13D2}.Nuke|ARM.Build.0 = Release|Any CPU
		{40EA03F7-8A22-4143-B251-79BAC3EB13D2}.Nuke|ARM64.ActiveCfg = Release|Any CPU
		{40EA03F7-8A22-4143-B251-79BAC3EB13D2}.Nuke|ARM64.Build.0 = Release|Any CPU
		{40EA03F7-8A22-4143-B251-79BAC3EB13D2}.Nuke|iPhone.ActiveCfg = Release|Any CPU
		{40EA03F7-8A22-4143-B251-79BAC3EB13D2}.Nuke|iPhone.Build.0 = Release|Any CPU
		{40EA03F7-8A22-4143-B251-79BAC3EB13D2}.Nuke|iPhoneSimulator.ActiveCfg = Release|Any CPU
		{40EA03F7-8A22-4143-B251-79BAC3EB13D2}.Nuke|iPhoneSimulator.Build.0 = Release|Any CPU
		{40EA03F7-8A22-4143-B251-79BAC3EB13D2}.Nuke|x64.ActiveCfg = Release|Any CPU
		{40EA03F7-8A22-4143-B251-79BAC3EB13D2}.Nuke|x64.Build.0 = Release|Any CPU
		{40EA03F7-8A22-4143-B251-79BAC3EB13D2}.Nuke|x86.ActiveCfg = Release|Any CPU
		{40EA03F7-8A22-4143-B251-79BAC3EB13D2}.Nuke|x86.Build.0 = Release|Any CPU
		{40EA03F7-8A22-4143-B251-79BAC3EB13D2}.Release|Any CPU.ActiveCfg = Release|Any CPU
		{40EA03F7-8A22-4143-B251-79BAC3EB13D2}.Release|Any CPU.Build.0 = Release|Any CPU
		{40EA03F7-8A22-4143-B251-79BAC3EB13D2}.Release|ARM.ActiveCfg = Release|Any CPU
		{40EA03F7-8A22-4143-B251-79BAC3EB13D2}.Release|ARM.Build.0 = Release|Any CPU
		{40EA03F7-8A22-4143-B251-79BAC3EB13D2}.Release|ARM64.ActiveCfg = Release|Any CPU
		{40EA03F7-8A22-4143-B251-79BAC3EB13D2}.Release|ARM64.Build.0 = Release|Any CPU
		{40EA03F7-8A22-4143-B251-79BAC3EB13D2}.Release|iPhone.ActiveCfg = Release|Any CPU
		{40EA03F7-8A22-4143-B251-79BAC3EB13D2}.Release|iPhone.Build.0 = Release|Any CPU
		{40EA03F7-8A22-4143-B251-79BAC3EB13D2}.Release|iPhoneSimulator.ActiveCfg = Release|Any CPU
		{40EA03F7-8A22-4143-B251-79BAC3EB13D2}.Release|iPhoneSimulator.Build.0 = Release|Any CPU
		{40EA03F7-8A22-4143-B251-79BAC3EB13D2}.Release|x64.ActiveCfg = Release|Any CPU
		{40EA03F7-8A22-4143-B251-79BAC3EB13D2}.Release|x64.Build.0 = Release|Any CPU
		{40EA03F7-8A22-4143-B251-79BAC3EB13D2}.Release|x86.ActiveCfg = Release|Any CPU
		{40EA03F7-8A22-4143-B251-79BAC3EB13D2}.Release|x86.Build.0 = Release|Any CPU
		{A5B8155A-118F-4794-B551-C6F3CF7E5411}.Debug|Any CPU.ActiveCfg = Debug|Any CPU
		{A5B8155A-118F-4794-B551-C6F3CF7E5411}.Debug|Any CPU.Build.0 = Debug|Any CPU
		{A5B8155A-118F-4794-B551-C6F3CF7E5411}.Debug|ARM.ActiveCfg = Debug|Any CPU
		{A5B8155A-118F-4794-B551-C6F3CF7E5411}.Debug|ARM.Build.0 = Debug|Any CPU
		{A5B8155A-118F-4794-B551-C6F3CF7E5411}.Debug|ARM64.ActiveCfg = Debug|Any CPU
		{A5B8155A-118F-4794-B551-C6F3CF7E5411}.Debug|ARM64.Build.0 = Debug|Any CPU
		{A5B8155A-118F-4794-B551-C6F3CF7E5411}.Debug|iPhone.ActiveCfg = Debug|Any CPU
		{A5B8155A-118F-4794-B551-C6F3CF7E5411}.Debug|iPhone.Build.0 = Debug|Any CPU
		{A5B8155A-118F-4794-B551-C6F3CF7E5411}.Debug|iPhoneSimulator.ActiveCfg = Debug|Any CPU
		{A5B8155A-118F-4794-B551-C6F3CF7E5411}.Debug|iPhoneSimulator.Build.0 = Debug|Any CPU
		{A5B8155A-118F-4794-B551-C6F3CF7E5411}.Debug|x64.ActiveCfg = Debug|Any CPU
		{A5B8155A-118F-4794-B551-C6F3CF7E5411}.Debug|x64.Build.0 = Debug|Any CPU
		{A5B8155A-118F-4794-B551-C6F3CF7E5411}.Debug|x86.ActiveCfg = Debug|Any CPU
		{A5B8155A-118F-4794-B551-C6F3CF7E5411}.Debug|x86.Build.0 = Debug|Any CPU
		{A5B8155A-118F-4794-B551-C6F3CF7E5411}.Nuke|Any CPU.ActiveCfg = Release|Any CPU
		{A5B8155A-118F-4794-B551-C6F3CF7E5411}.Nuke|Any CPU.Build.0 = Release|Any CPU
		{A5B8155A-118F-4794-B551-C6F3CF7E5411}.Nuke|ARM.ActiveCfg = Release|Any CPU
		{A5B8155A-118F-4794-B551-C6F3CF7E5411}.Nuke|ARM.Build.0 = Release|Any CPU
		{A5B8155A-118F-4794-B551-C6F3CF7E5411}.Nuke|ARM64.ActiveCfg = Release|Any CPU
		{A5B8155A-118F-4794-B551-C6F3CF7E5411}.Nuke|ARM64.Build.0 = Release|Any CPU
		{A5B8155A-118F-4794-B551-C6F3CF7E5411}.Nuke|iPhone.ActiveCfg = Release|Any CPU
		{A5B8155A-118F-4794-B551-C6F3CF7E5411}.Nuke|iPhone.Build.0 = Release|Any CPU
		{A5B8155A-118F-4794-B551-C6F3CF7E5411}.Nuke|iPhoneSimulator.ActiveCfg = Release|Any CPU
		{A5B8155A-118F-4794-B551-C6F3CF7E5411}.Nuke|iPhoneSimulator.Build.0 = Release|Any CPU
		{A5B8155A-118F-4794-B551-C6F3CF7E5411}.Nuke|x64.ActiveCfg = Release|Any CPU
		{A5B8155A-118F-4794-B551-C6F3CF7E5411}.Nuke|x64.Build.0 = Release|Any CPU
		{A5B8155A-118F-4794-B551-C6F3CF7E5411}.Nuke|x86.ActiveCfg = Release|Any CPU
		{A5B8155A-118F-4794-B551-C6F3CF7E5411}.Nuke|x86.Build.0 = Release|Any CPU
		{A5B8155A-118F-4794-B551-C6F3CF7E5411}.Release|Any CPU.ActiveCfg = Release|Any CPU
		{A5B8155A-118F-4794-B551-C6F3CF7E5411}.Release|Any CPU.Build.0 = Release|Any CPU
		{A5B8155A-118F-4794-B551-C6F3CF7E5411}.Release|ARM.ActiveCfg = Release|Any CPU
		{A5B8155A-118F-4794-B551-C6F3CF7E5411}.Release|ARM.Build.0 = Release|Any CPU
		{A5B8155A-118F-4794-B551-C6F3CF7E5411}.Release|ARM64.ActiveCfg = Release|Any CPU
		{A5B8155A-118F-4794-B551-C6F3CF7E5411}.Release|ARM64.Build.0 = Release|Any CPU
		{A5B8155A-118F-4794-B551-C6F3CF7E5411}.Release|iPhone.ActiveCfg = Release|Any CPU
		{A5B8155A-118F-4794-B551-C6F3CF7E5411}.Release|iPhone.Build.0 = Release|Any CPU
		{A5B8155A-118F-4794-B551-C6F3CF7E5411}.Release|iPhoneSimulator.ActiveCfg = Release|Any CPU
		{A5B8155A-118F-4794-B551-C6F3CF7E5411}.Release|iPhoneSimulator.Build.0 = Release|Any CPU
		{A5B8155A-118F-4794-B551-C6F3CF7E5411}.Release|x64.ActiveCfg = Release|Any CPU
		{A5B8155A-118F-4794-B551-C6F3CF7E5411}.Release|x64.Build.0 = Release|Any CPU
		{A5B8155A-118F-4794-B551-C6F3CF7E5411}.Release|x86.ActiveCfg = Release|Any CPU
		{A5B8155A-118F-4794-B551-C6F3CF7E5411}.Release|x86.Build.0 = Release|Any CPU
		{54664B24-34BE-4FC1-A3CB-C5F0523F8042}.Debug|Any CPU.ActiveCfg = Debug|Any CPU
		{54664B24-34BE-4FC1-A3CB-C5F0523F8042}.Debug|Any CPU.Build.0 = Debug|Any CPU
		{54664B24-34BE-4FC1-A3CB-C5F0523F8042}.Debug|Any CPU.Deploy.0 = Debug|Any CPU
		{54664B24-34BE-4FC1-A3CB-C5F0523F8042}.Debug|ARM.ActiveCfg = Debug|Any CPU
		{54664B24-34BE-4FC1-A3CB-C5F0523F8042}.Debug|ARM.Build.0 = Debug|Any CPU
		{54664B24-34BE-4FC1-A3CB-C5F0523F8042}.Debug|ARM.Deploy.0 = Debug|Any CPU
		{54664B24-34BE-4FC1-A3CB-C5F0523F8042}.Debug|ARM64.ActiveCfg = Debug|Any CPU
		{54664B24-34BE-4FC1-A3CB-C5F0523F8042}.Debug|ARM64.Build.0 = Debug|Any CPU
		{54664B24-34BE-4FC1-A3CB-C5F0523F8042}.Debug|ARM64.Deploy.0 = Debug|Any CPU
		{54664B24-34BE-4FC1-A3CB-C5F0523F8042}.Debug|iPhone.ActiveCfg = Debug|Any CPU
		{54664B24-34BE-4FC1-A3CB-C5F0523F8042}.Debug|iPhone.Build.0 = Debug|Any CPU
		{54664B24-34BE-4FC1-A3CB-C5F0523F8042}.Debug|iPhone.Deploy.0 = Debug|Any CPU
		{54664B24-34BE-4FC1-A3CB-C5F0523F8042}.Debug|iPhoneSimulator.ActiveCfg = Debug|Any CPU
		{54664B24-34BE-4FC1-A3CB-C5F0523F8042}.Debug|iPhoneSimulator.Build.0 = Debug|Any CPU
		{54664B24-34BE-4FC1-A3CB-C5F0523F8042}.Debug|iPhoneSimulator.Deploy.0 = Debug|Any CPU
		{54664B24-34BE-4FC1-A3CB-C5F0523F8042}.Debug|x64.ActiveCfg = Debug|Any CPU
		{54664B24-34BE-4FC1-A3CB-C5F0523F8042}.Debug|x64.Build.0 = Debug|Any CPU
		{54664B24-34BE-4FC1-A3CB-C5F0523F8042}.Debug|x64.Deploy.0 = Debug|Any CPU
		{54664B24-34BE-4FC1-A3CB-C5F0523F8042}.Debug|x86.ActiveCfg = Debug|Any CPU
		{54664B24-34BE-4FC1-A3CB-C5F0523F8042}.Debug|x86.Build.0 = Debug|Any CPU
		{54664B24-34BE-4FC1-A3CB-C5F0523F8042}.Debug|x86.Deploy.0 = Debug|Any CPU
		{54664B24-34BE-4FC1-A3CB-C5F0523F8042}.Nuke|Any CPU.ActiveCfg = Release|Any CPU
		{54664B24-34BE-4FC1-A3CB-C5F0523F8042}.Nuke|Any CPU.Build.0 = Release|Any CPU
		{54664B24-34BE-4FC1-A3CB-C5F0523F8042}.Nuke|ARM.ActiveCfg = Release|Any CPU
		{54664B24-34BE-4FC1-A3CB-C5F0523F8042}.Nuke|ARM.Build.0 = Release|Any CPU
		{54664B24-34BE-4FC1-A3CB-C5F0523F8042}.Nuke|ARM64.ActiveCfg = Release|Any CPU
		{54664B24-34BE-4FC1-A3CB-C5F0523F8042}.Nuke|ARM64.Build.0 = Release|Any CPU
		{54664B24-34BE-4FC1-A3CB-C5F0523F8042}.Nuke|iPhone.ActiveCfg = Release|Any CPU
		{54664B24-34BE-4FC1-A3CB-C5F0523F8042}.Nuke|iPhone.Build.0 = Release|Any CPU
		{54664B24-34BE-4FC1-A3CB-C5F0523F8042}.Nuke|iPhoneSimulator.ActiveCfg = Release|Any CPU
		{54664B24-34BE-4FC1-A3CB-C5F0523F8042}.Nuke|iPhoneSimulator.Build.0 = Release|Any CPU
		{54664B24-34BE-4FC1-A3CB-C5F0523F8042}.Nuke|x64.ActiveCfg = Release|Any CPU
		{54664B24-34BE-4FC1-A3CB-C5F0523F8042}.Nuke|x64.Build.0 = Release|Any CPU
		{54664B24-34BE-4FC1-A3CB-C5F0523F8042}.Nuke|x86.ActiveCfg = Release|Any CPU
		{54664B24-34BE-4FC1-A3CB-C5F0523F8042}.Nuke|x86.Build.0 = Release|Any CPU
		{54664B24-34BE-4FC1-A3CB-C5F0523F8042}.Release|Any CPU.ActiveCfg = Release|Any CPU
		{54664B24-34BE-4FC1-A3CB-C5F0523F8042}.Release|Any CPU.Build.0 = Release|Any CPU
		{54664B24-34BE-4FC1-A3CB-C5F0523F8042}.Release|ARM.ActiveCfg = Release|Any CPU
		{54664B24-34BE-4FC1-A3CB-C5F0523F8042}.Release|ARM.Build.0 = Release|Any CPU
		{54664B24-34BE-4FC1-A3CB-C5F0523F8042}.Release|ARM.Deploy.0 = Release|Any CPU
		{54664B24-34BE-4FC1-A3CB-C5F0523F8042}.Release|ARM64.ActiveCfg = Release|Any CPU
		{54664B24-34BE-4FC1-A3CB-C5F0523F8042}.Release|ARM64.Build.0 = Release|Any CPU
		{54664B24-34BE-4FC1-A3CB-C5F0523F8042}.Release|ARM64.Deploy.0 = Release|Any CPU
		{54664B24-34BE-4FC1-A3CB-C5F0523F8042}.Release|iPhone.ActiveCfg = Release|Any CPU
		{54664B24-34BE-4FC1-A3CB-C5F0523F8042}.Release|iPhone.Build.0 = Release|Any CPU
		{54664B24-34BE-4FC1-A3CB-C5F0523F8042}.Release|iPhoneSimulator.ActiveCfg = Release|Any CPU
		{54664B24-34BE-4FC1-A3CB-C5F0523F8042}.Release|iPhoneSimulator.Build.0 = Release|Any CPU
		{54664B24-34BE-4FC1-A3CB-C5F0523F8042}.Release|iPhoneSimulator.Deploy.0 = Release|Any CPU
		{54664B24-34BE-4FC1-A3CB-C5F0523F8042}.Release|x64.ActiveCfg = Release|Any CPU
		{54664B24-34BE-4FC1-A3CB-C5F0523F8042}.Release|x64.Build.0 = Release|Any CPU
		{54664B24-34BE-4FC1-A3CB-C5F0523F8042}.Release|x64.Deploy.0 = Release|Any CPU
		{54664B24-34BE-4FC1-A3CB-C5F0523F8042}.Release|x86.ActiveCfg = Release|Any CPU
		{54664B24-34BE-4FC1-A3CB-C5F0523F8042}.Release|x86.Build.0 = Release|Any CPU
		{54664B24-34BE-4FC1-A3CB-C5F0523F8042}.Release|x86.Deploy.0 = Release|Any CPU
		{6CF284A4-22B1-4F05-97F4-F095C07A598E}.Debug|Any CPU.ActiveCfg = Debug|Any CPU
		{6CF284A4-22B1-4F05-97F4-F095C07A598E}.Debug|Any CPU.Build.0 = Debug|Any CPU
		{6CF284A4-22B1-4F05-97F4-F095C07A598E}.Debug|ARM.ActiveCfg = Debug|Any CPU
		{6CF284A4-22B1-4F05-97F4-F095C07A598E}.Debug|ARM.Build.0 = Debug|Any CPU
		{6CF284A4-22B1-4F05-97F4-F095C07A598E}.Debug|ARM64.ActiveCfg = Debug|Any CPU
		{6CF284A4-22B1-4F05-97F4-F095C07A598E}.Debug|ARM64.Build.0 = Debug|Any CPU
		{6CF284A4-22B1-4F05-97F4-F095C07A598E}.Debug|iPhone.ActiveCfg = Debug|Any CPU
		{6CF284A4-22B1-4F05-97F4-F095C07A598E}.Debug|iPhone.Build.0 = Debug|Any CPU
		{6CF284A4-22B1-4F05-97F4-F095C07A598E}.Debug|iPhoneSimulator.ActiveCfg = Debug|Any CPU
		{6CF284A4-22B1-4F05-97F4-F095C07A598E}.Debug|iPhoneSimulator.Build.0 = Debug|Any CPU
		{6CF284A4-22B1-4F05-97F4-F095C07A598E}.Debug|x64.ActiveCfg = Debug|Any CPU
		{6CF284A4-22B1-4F05-97F4-F095C07A598E}.Debug|x64.Build.0 = Debug|Any CPU
		{6CF284A4-22B1-4F05-97F4-F095C07A598E}.Debug|x86.ActiveCfg = Debug|Any CPU
		{6CF284A4-22B1-4F05-97F4-F095C07A598E}.Debug|x86.Build.0 = Debug|Any CPU
		{6CF284A4-22B1-4F05-97F4-F095C07A598E}.Nuke|Any CPU.ActiveCfg = Release|Any CPU
		{6CF284A4-22B1-4F05-97F4-F095C07A598E}.Nuke|Any CPU.Build.0 = Release|Any CPU
		{6CF284A4-22B1-4F05-97F4-F095C07A598E}.Nuke|ARM.ActiveCfg = Release|Any CPU
		{6CF284A4-22B1-4F05-97F4-F095C07A598E}.Nuke|ARM.Build.0 = Release|Any CPU
		{6CF284A4-22B1-4F05-97F4-F095C07A598E}.Nuke|ARM64.ActiveCfg = Release|Any CPU
		{6CF284A4-22B1-4F05-97F4-F095C07A598E}.Nuke|ARM64.Build.0 = Release|Any CPU
		{6CF284A4-22B1-4F05-97F4-F095C07A598E}.Nuke|iPhone.ActiveCfg = Release|Any CPU
		{6CF284A4-22B1-4F05-97F4-F095C07A598E}.Nuke|iPhone.Build.0 = Release|Any CPU
		{6CF284A4-22B1-4F05-97F4-F095C07A598E}.Nuke|iPhoneSimulator.ActiveCfg = Release|Any CPU
		{6CF284A4-22B1-4F05-97F4-F095C07A598E}.Nuke|iPhoneSimulator.Build.0 = Release|Any CPU
		{6CF284A4-22B1-4F05-97F4-F095C07A598E}.Nuke|x64.ActiveCfg = Release|Any CPU
		{6CF284A4-22B1-4F05-97F4-F095C07A598E}.Nuke|x64.Build.0 = Release|Any CPU
		{6CF284A4-22B1-4F05-97F4-F095C07A598E}.Nuke|x86.ActiveCfg = Release|Any CPU
		{6CF284A4-22B1-4F05-97F4-F095C07A598E}.Nuke|x86.Build.0 = Release|Any CPU
		{6CF284A4-22B1-4F05-97F4-F095C07A598E}.Release|Any CPU.ActiveCfg = Release|Any CPU
		{6CF284A4-22B1-4F05-97F4-F095C07A598E}.Release|Any CPU.Build.0 = Release|Any CPU
		{6CF284A4-22B1-4F05-97F4-F095C07A598E}.Release|ARM.ActiveCfg = Release|Any CPU
		{6CF284A4-22B1-4F05-97F4-F095C07A598E}.Release|ARM.Build.0 = Release|Any CPU
		{6CF284A4-22B1-4F05-97F4-F095C07A598E}.Release|ARM64.ActiveCfg = Release|Any CPU
		{6CF284A4-22B1-4F05-97F4-F095C07A598E}.Release|ARM64.Build.0 = Release|Any CPU
		{6CF284A4-22B1-4F05-97F4-F095C07A598E}.Release|iPhone.ActiveCfg = Release|Any CPU
		{6CF284A4-22B1-4F05-97F4-F095C07A598E}.Release|iPhone.Build.0 = Release|Any CPU
		{6CF284A4-22B1-4F05-97F4-F095C07A598E}.Release|iPhoneSimulator.ActiveCfg = Release|Any CPU
		{6CF284A4-22B1-4F05-97F4-F095C07A598E}.Release|iPhoneSimulator.Build.0 = Release|Any CPU
		{6CF284A4-22B1-4F05-97F4-F095C07A598E}.Release|x64.ActiveCfg = Release|Any CPU
		{6CF284A4-22B1-4F05-97F4-F095C07A598E}.Release|x64.Build.0 = Release|Any CPU
		{6CF284A4-22B1-4F05-97F4-F095C07A598E}.Release|x86.ActiveCfg = Release|Any CPU
		{6CF284A4-22B1-4F05-97F4-F095C07A598E}.Release|x86.Build.0 = Release|Any CPU
		{1AA13270-F438-4864-9435-54FD806E10EA}.Debug|Any CPU.ActiveCfg = Debug|x86
		{1AA13270-F438-4864-9435-54FD806E10EA}.Debug|Any CPU.Build.0 = Debug|x86
		{1AA13270-F438-4864-9435-54FD806E10EA}.Debug|ARM.ActiveCfg = Debug|Any CPU
		{1AA13270-F438-4864-9435-54FD806E10EA}.Debug|ARM.Build.0 = Debug|Any CPU
		{1AA13270-F438-4864-9435-54FD806E10EA}.Debug|ARM64.ActiveCfg = Debug|x86
		{1AA13270-F438-4864-9435-54FD806E10EA}.Debug|ARM64.Build.0 = Debug|x86
		{1AA13270-F438-4864-9435-54FD806E10EA}.Debug|iPhone.ActiveCfg = Debug|Any CPU
		{1AA13270-F438-4864-9435-54FD806E10EA}.Debug|iPhone.Build.0 = Debug|Any CPU
		{1AA13270-F438-4864-9435-54FD806E10EA}.Debug|iPhoneSimulator.ActiveCfg = Debug|Any CPU
		{1AA13270-F438-4864-9435-54FD806E10EA}.Debug|iPhoneSimulator.Build.0 = Debug|Any CPU
		{1AA13270-F438-4864-9435-54FD806E10EA}.Debug|x64.ActiveCfg = Debug|x86
		{1AA13270-F438-4864-9435-54FD806E10EA}.Debug|x64.Build.0 = Debug|x86
		{1AA13270-F438-4864-9435-54FD806E10EA}.Debug|x86.ActiveCfg = Debug|x86
		{1AA13270-F438-4864-9435-54FD806E10EA}.Debug|x86.Build.0 = Debug|x86
		{1AA13270-F438-4864-9435-54FD806E10EA}.Nuke|Any CPU.ActiveCfg = Release|Any CPU
		{1AA13270-F438-4864-9435-54FD806E10EA}.Nuke|Any CPU.Build.0 = Release|Any CPU
		{1AA13270-F438-4864-9435-54FD806E10EA}.Nuke|ARM.ActiveCfg = Release|Any CPU
		{1AA13270-F438-4864-9435-54FD806E10EA}.Nuke|ARM.Build.0 = Release|Any CPU
		{1AA13270-F438-4864-9435-54FD806E10EA}.Nuke|ARM64.ActiveCfg = Debug|arm64
		{1AA13270-F438-4864-9435-54FD806E10EA}.Nuke|ARM64.Build.0 = Debug|arm64
		{1AA13270-F438-4864-9435-54FD806E10EA}.Nuke|iPhone.ActiveCfg = Release|Any CPU
		{1AA13270-F438-4864-9435-54FD806E10EA}.Nuke|iPhone.Build.0 = Release|Any CPU
		{1AA13270-F438-4864-9435-54FD806E10EA}.Nuke|iPhoneSimulator.ActiveCfg = Release|Any CPU
		{1AA13270-F438-4864-9435-54FD806E10EA}.Nuke|iPhoneSimulator.Build.0 = Release|Any CPU
		{1AA13270-F438-4864-9435-54FD806E10EA}.Nuke|x64.ActiveCfg = Debug|x64
		{1AA13270-F438-4864-9435-54FD806E10EA}.Nuke|x64.Build.0 = Debug|x64
		{1AA13270-F438-4864-9435-54FD806E10EA}.Nuke|x86.ActiveCfg = Release|x86
		{1AA13270-F438-4864-9435-54FD806E10EA}.Nuke|x86.Build.0 = Release|x86
		{1AA13270-F438-4864-9435-54FD806E10EA}.Release|Any CPU.ActiveCfg = Release|Any CPU
		{1AA13270-F438-4864-9435-54FD806E10EA}.Release|Any CPU.Build.0 = Release|Any CPU
		{1AA13270-F438-4864-9435-54FD806E10EA}.Release|ARM.ActiveCfg = Release|Any CPU
		{1AA13270-F438-4864-9435-54FD806E10EA}.Release|ARM.Build.0 = Release|Any CPU
		{1AA13270-F438-4864-9435-54FD806E10EA}.Release|ARM64.ActiveCfg = Release|x86
		{1AA13270-F438-4864-9435-54FD806E10EA}.Release|ARM64.Build.0 = Release|x86
		{1AA13270-F438-4864-9435-54FD806E10EA}.Release|iPhone.ActiveCfg = Release|Any CPU
		{1AA13270-F438-4864-9435-54FD806E10EA}.Release|iPhone.Build.0 = Release|Any CPU
		{1AA13270-F438-4864-9435-54FD806E10EA}.Release|iPhoneSimulator.ActiveCfg = Release|Any CPU
		{1AA13270-F438-4864-9435-54FD806E10EA}.Release|iPhoneSimulator.Build.0 = Release|Any CPU
		{1AA13270-F438-4864-9435-54FD806E10EA}.Release|x64.ActiveCfg = Release|x86
		{1AA13270-F438-4864-9435-54FD806E10EA}.Release|x64.Build.0 = Release|x86
		{1AA13270-F438-4864-9435-54FD806E10EA}.Release|x86.ActiveCfg = Release|x86
		{1AA13270-F438-4864-9435-54FD806E10EA}.Release|x86.Build.0 = Release|x86
		{D7B5051A-E31E-418D-B2C2-4F109224E150}.Debug|Any CPU.ActiveCfg = Debug|x86
		{D7B5051A-E31E-418D-B2C2-4F109224E150}.Debug|ARM.ActiveCfg = Debug|x86
		{D7B5051A-E31E-418D-B2C2-4F109224E150}.Debug|ARM64.ActiveCfg = Debug|arm64
		{D7B5051A-E31E-418D-B2C2-4F109224E150}.Debug|ARM64.Build.0 = Debug|arm64
		{D7B5051A-E31E-418D-B2C2-4F109224E150}.Debug|ARM64.Deploy.0 = Debug|arm64
		{D7B5051A-E31E-418D-B2C2-4F109224E150}.Debug|iPhone.ActiveCfg = Debug|x86
		{D7B5051A-E31E-418D-B2C2-4F109224E150}.Debug|iPhoneSimulator.ActiveCfg = Debug|x86
		{D7B5051A-E31E-418D-B2C2-4F109224E150}.Debug|x64.ActiveCfg = Debug|x64
		{D7B5051A-E31E-418D-B2C2-4F109224E150}.Debug|x64.Build.0 = Debug|x64
		{D7B5051A-E31E-418D-B2C2-4F109224E150}.Debug|x64.Deploy.0 = Debug|x64
		{D7B5051A-E31E-418D-B2C2-4F109224E150}.Debug|x86.ActiveCfg = Debug|x86
		{D7B5051A-E31E-418D-B2C2-4F109224E150}.Debug|x86.Build.0 = Debug|x86
		{D7B5051A-E31E-418D-B2C2-4F109224E150}.Debug|x86.Deploy.0 = Debug|x86
		{D7B5051A-E31E-418D-B2C2-4F109224E150}.Nuke|Any CPU.ActiveCfg = Debug|arm64
		{D7B5051A-E31E-418D-B2C2-4F109224E150}.Nuke|Any CPU.Build.0 = Debug|arm64
		{D7B5051A-E31E-418D-B2C2-4F109224E150}.Nuke|Any CPU.Deploy.0 = Debug|arm64
		{D7B5051A-E31E-418D-B2C2-4F109224E150}.Nuke|ARM.ActiveCfg = Debug|arm64
		{D7B5051A-E31E-418D-B2C2-4F109224E150}.Nuke|ARM.Build.0 = Debug|arm64
		{D7B5051A-E31E-418D-B2C2-4F109224E150}.Nuke|ARM.Deploy.0 = Debug|arm64
		{D7B5051A-E31E-418D-B2C2-4F109224E150}.Nuke|ARM64.ActiveCfg = Debug|arm64
		{D7B5051A-E31E-418D-B2C2-4F109224E150}.Nuke|ARM64.Build.0 = Debug|arm64
		{D7B5051A-E31E-418D-B2C2-4F109224E150}.Nuke|ARM64.Deploy.0 = Debug|arm64
		{D7B5051A-E31E-418D-B2C2-4F109224E150}.Nuke|iPhone.ActiveCfg = Debug|arm64
		{D7B5051A-E31E-418D-B2C2-4F109224E150}.Nuke|iPhone.Build.0 = Debug|arm64
		{D7B5051A-E31E-418D-B2C2-4F109224E150}.Nuke|iPhone.Deploy.0 = Debug|arm64
		{D7B5051A-E31E-418D-B2C2-4F109224E150}.Nuke|iPhoneSimulator.ActiveCfg = Debug|arm64
		{D7B5051A-E31E-418D-B2C2-4F109224E150}.Nuke|iPhoneSimulator.Build.0 = Debug|arm64
		{D7B5051A-E31E-418D-B2C2-4F109224E150}.Nuke|iPhoneSimulator.Deploy.0 = Debug|arm64
		{D7B5051A-E31E-418D-B2C2-4F109224E150}.Nuke|x64.ActiveCfg = Debug|x64
		{D7B5051A-E31E-418D-B2C2-4F109224E150}.Nuke|x64.Build.0 = Debug|x64
		{D7B5051A-E31E-418D-B2C2-4F109224E150}.Nuke|x64.Deploy.0 = Debug|x64
		{D7B5051A-E31E-418D-B2C2-4F109224E150}.Nuke|x86.ActiveCfg = Debug|x86
		{D7B5051A-E31E-418D-B2C2-4F109224E150}.Nuke|x86.Build.0 = Debug|x86
		{D7B5051A-E31E-418D-B2C2-4F109224E150}.Nuke|x86.Deploy.0 = Debug|x86
		{D7B5051A-E31E-418D-B2C2-4F109224E150}.Release|Any CPU.ActiveCfg = Release|x86
		{D7B5051A-E31E-418D-B2C2-4F109224E150}.Release|ARM.ActiveCfg = Release|x86
		{D7B5051A-E31E-418D-B2C2-4F109224E150}.Release|ARM64.ActiveCfg = Release|arm64
		{D7B5051A-E31E-418D-B2C2-4F109224E150}.Release|ARM64.Build.0 = Release|arm64
		{D7B5051A-E31E-418D-B2C2-4F109224E150}.Release|ARM64.Deploy.0 = Release|arm64
		{D7B5051A-E31E-418D-B2C2-4F109224E150}.Release|iPhone.ActiveCfg = Release|x86
		{D7B5051A-E31E-418D-B2C2-4F109224E150}.Release|iPhoneSimulator.ActiveCfg = Release|x86
		{D7B5051A-E31E-418D-B2C2-4F109224E150}.Release|x64.ActiveCfg = Release|x64
		{D7B5051A-E31E-418D-B2C2-4F109224E150}.Release|x64.Build.0 = Release|x64
		{D7B5051A-E31E-418D-B2C2-4F109224E150}.Release|x64.Deploy.0 = Release|x64
		{D7B5051A-E31E-418D-B2C2-4F109224E150}.Release|x86.ActiveCfg = Release|x86
		{D7B5051A-E31E-418D-B2C2-4F109224E150}.Release|x86.Build.0 = Release|x86
		{D7B5051A-E31E-418D-B2C2-4F109224E150}.Release|x86.Deploy.0 = Release|x86
		{0745D623-9486-41B5-8CC4-76C8D26F291F}.Debug|Any CPU.ActiveCfg = Debug|Any CPU
		{0745D623-9486-41B5-8CC4-76C8D26F291F}.Debug|Any CPU.Build.0 = Debug|Any CPU
		{0745D623-9486-41B5-8CC4-76C8D26F291F}.Debug|ARM.ActiveCfg = Debug|Any CPU
		{0745D623-9486-41B5-8CC4-76C8D26F291F}.Debug|ARM.Build.0 = Debug|Any CPU
		{0745D623-9486-41B5-8CC4-76C8D26F291F}.Debug|ARM64.ActiveCfg = Debug|Any CPU
		{0745D623-9486-41B5-8CC4-76C8D26F291F}.Debug|ARM64.Build.0 = Debug|Any CPU
		{0745D623-9486-41B5-8CC4-76C8D26F291F}.Debug|iPhone.ActiveCfg = Debug|Any CPU
		{0745D623-9486-41B5-8CC4-76C8D26F291F}.Debug|iPhone.Build.0 = Debug|Any CPU
		{0745D623-9486-41B5-8CC4-76C8D26F291F}.Debug|iPhoneSimulator.ActiveCfg = Debug|Any CPU
		{0745D623-9486-41B5-8CC4-76C8D26F291F}.Debug|iPhoneSimulator.Build.0 = Debug|Any CPU
		{0745D623-9486-41B5-8CC4-76C8D26F291F}.Debug|x64.ActiveCfg = Debug|x64
		{0745D623-9486-41B5-8CC4-76C8D26F291F}.Debug|x64.Build.0 = Debug|x64
		{0745D623-9486-41B5-8CC4-76C8D26F291F}.Debug|x86.ActiveCfg = Debug|Any CPU
		{0745D623-9486-41B5-8CC4-76C8D26F291F}.Debug|x86.Build.0 = Debug|Any CPU
		{0745D623-9486-41B5-8CC4-76C8D26F291F}.Nuke|Any CPU.ActiveCfg = Nuke|Any CPU
		{0745D623-9486-41B5-8CC4-76C8D26F291F}.Nuke|Any CPU.Build.0 = Nuke|Any CPU
		{0745D623-9486-41B5-8CC4-76C8D26F291F}.Nuke|ARM.ActiveCfg = Nuke|Any CPU
		{0745D623-9486-41B5-8CC4-76C8D26F291F}.Nuke|ARM.Build.0 = Nuke|Any CPU
		{0745D623-9486-41B5-8CC4-76C8D26F291F}.Nuke|ARM64.ActiveCfg = Nuke|Any CPU
		{0745D623-9486-41B5-8CC4-76C8D26F291F}.Nuke|ARM64.Build.0 = Nuke|Any CPU
		{0745D623-9486-41B5-8CC4-76C8D26F291F}.Nuke|iPhone.ActiveCfg = Nuke|Any CPU
		{0745D623-9486-41B5-8CC4-76C8D26F291F}.Nuke|iPhone.Build.0 = Nuke|Any CPU
		{0745D623-9486-41B5-8CC4-76C8D26F291F}.Nuke|iPhoneSimulator.ActiveCfg = Nuke|Any CPU
		{0745D623-9486-41B5-8CC4-76C8D26F291F}.Nuke|iPhoneSimulator.Build.0 = Nuke|Any CPU
		{0745D623-9486-41B5-8CC4-76C8D26F291F}.Nuke|x64.ActiveCfg = Nuke|x64
		{0745D623-9486-41B5-8CC4-76C8D26F291F}.Nuke|x64.Build.0 = Nuke|x64
		{0745D623-9486-41B5-8CC4-76C8D26F291F}.Nuke|x86.ActiveCfg = Nuke|Any CPU
		{0745D623-9486-41B5-8CC4-76C8D26F291F}.Nuke|x86.Build.0 = Nuke|Any CPU
		{0745D623-9486-41B5-8CC4-76C8D26F291F}.Release|Any CPU.ActiveCfg = Release|Any CPU
		{0745D623-9486-41B5-8CC4-76C8D26F291F}.Release|Any CPU.Build.0 = Release|Any CPU
		{0745D623-9486-41B5-8CC4-76C8D26F291F}.Release|ARM.ActiveCfg = Release|Any CPU
		{0745D623-9486-41B5-8CC4-76C8D26F291F}.Release|ARM.Build.0 = Release|Any CPU
		{0745D623-9486-41B5-8CC4-76C8D26F291F}.Release|ARM64.ActiveCfg = Release|Any CPU
		{0745D623-9486-41B5-8CC4-76C8D26F291F}.Release|ARM64.Build.0 = Release|Any CPU
		{0745D623-9486-41B5-8CC4-76C8D26F291F}.Release|iPhone.ActiveCfg = Release|Any CPU
		{0745D623-9486-41B5-8CC4-76C8D26F291F}.Release|iPhone.Build.0 = Release|Any CPU
		{0745D623-9486-41B5-8CC4-76C8D26F291F}.Release|iPhoneSimulator.ActiveCfg = Release|Any CPU
		{0745D623-9486-41B5-8CC4-76C8D26F291F}.Release|iPhoneSimulator.Build.0 = Release|Any CPU
		{0745D623-9486-41B5-8CC4-76C8D26F291F}.Release|x64.ActiveCfg = Release|x64
		{0745D623-9486-41B5-8CC4-76C8D26F291F}.Release|x64.Build.0 = Release|x64
		{0745D623-9486-41B5-8CC4-76C8D26F291F}.Release|x86.ActiveCfg = Release|Any CPU
		{0745D623-9486-41B5-8CC4-76C8D26F291F}.Release|x86.Build.0 = Release|Any CPU
	EndGlobalSection
	GlobalSection(SolutionProperties) = preSolution
		HideSolutionNode = FALSE
	EndGlobalSection
	GlobalSection(ExtensibilityGlobals) = postSolution
		SolutionGuid = {C7433AE2-B1A0-4C1A-887E-5CAA7AAF67A6}
	EndGlobalSection
EndGlobal
